// !$*UTF8*$!
{
	archiveVersion = 1;
	classes = {
	};
	objectVersion = 56;
	objects = {

/* Begin PBXBuildFile section */
		040883982B8E50B800E0E55A /* AppDelegate.swift in Sources */ = {isa = PBXBuildFile; fileRef = 040883972B8E50B800E0E55A /* AppDelegate.swift */; };
		0408839A2B8E50B800E0E55A /* SceneDelegate.swift in Sources */ = {isa = PBXBuildFile; fileRef = 040883992B8E50B800E0E55A /* SceneDelegate.swift */; };
		0408839C2B8E50B800E0E55A /* ViewController.swift in Sources */ = {isa = PBXBuildFile; fileRef = 0408839B2B8E50B800E0E55A /* ViewController.swift */; };
		0408839F2B8E50B800E0E55A /* Main.storyboard in Resources */ = {isa = PBXBuildFile; fileRef = 0408839D2B8E50B800E0E55A /* Main.storyboard */; };
		040883A12B8E50B800E0E55A /* Assets.xcassets in Resources */ = {isa = PBXBuildFile; fileRef = 040883A02B8E50B800E0E55A /* Assets.xcassets */; };
		040883A42B8E50B800E0E55A /* LaunchScreen.storyboard in Resources */ = {isa = PBXBuildFile; fileRef = 040883A22B8E50B800E0E55A /* LaunchScreen.storyboard */; };
		040883B02B8E620200E0E55A /* TaskListViewController.swift in Sources */ = {isa = PBXBuildFile; fileRef = 040883AF2B8E620200E0E55A /* TaskListViewController.swift */; };
		040883B22B8E628C00E0E55A /* TaskCell.swift in Sources */ = {isa = PBXBuildFile; fileRef = 040883B12B8E628C00E0E55A /* TaskCell.swift */; };
		040883B62B8E7F1400E0E55A /* Task.swift in Sources */ = {isa = PBXBuildFile; fileRef = 040883B52B8E7F1400E0E55A /* Task.swift */; };
/* End PBXBuildFile section */

/* Begin PBXFileReference section */
		040883942B8E50B800E0E55A /* ScavengerHunt.app */ = {isa = PBXFileReference; explicitFileType = wrapper.application; includeInIndex = 0; path = ScavengerHunt.app; sourceTree = BUILT_PRODUCTS_DIR; };
		040883972B8E50B800E0E55A /* AppDelegate.swift */ = {isa = PBXFileReference; lastKnownFileType = sourcecode.swift; path = AppDelegate.swift; sourceTree = "<group>"; };
		040883992B8E50B800E0E55A /* SceneDelegate.swift */ = {isa = PBXFileReference; lastKnownFileType = sourcecode.swift; path = SceneDelegate.swift; sourceTree = "<group>"; };
		0408839B2B8E50B800E0E55A /* ViewController.swift */ = {isa = PBXFileReference; lastKnownFileType = sourcecode.swift; path = ViewController.swift; sourceTree = "<group>"; };
		0408839E2B8E50B800E0E55A /* Base */ = {isa = PBXFileReference; lastKnownFileType = file.storyboard; name = Base; path = Base.lproj/Main.storyboard; sourceTree = "<group>"; };
		040883A02B8E50B800E0E55A /* Assets.xcassets */ = {isa = PBXFileReference; lastKnownFileType = folder.assetcatalog; path = Assets.xcassets; sourceTree = "<group>"; };
		040883A32B8E50B800E0E55A /* Base */ = {isa = PBXFileReference; lastKnownFileType = file.storyboard; name = Base; path = Base.lproj/LaunchScreen.storyboard; sourceTree = "<group>"; };
		040883A52B8E50B800E0E55A /* Info.plist */ = {isa = PBXFileReference; lastKnownFileType = text.plist.xml; path = Info.plist; sourceTree = "<group>"; };
		040883AF2B8E620200E0E55A /* TaskListViewController.swift */ = {isa = PBXFileReference; lastKnownFileType = sourcecode.swift; path = TaskListViewController.swift; sourceTree = "<group>"; };
		040883B12B8E628C00E0E55A /* TaskCell.swift */ = {isa = PBXFileReference; lastKnownFileType = sourcecode.swift; path = TaskCell.swift; sourceTree = "<group>"; };
		040883B52B8E7F1400E0E55A /* Task.swift */ = {isa = PBXFileReference; lastKnownFileType = sourcecode.swift; path = Task.swift; sourceTree = "<group>"; };
/* End PBXFileReference section */

/* Begin PBXFrameworksBuildPhase section */
		040883912B8E50B800E0E55A /* Frameworks */ = {
			isa = PBXFrameworksBuildPhase;
			buildActionMask = 2147483647;
			files = (
			);
			runOnlyForDeploymentPostprocessing = 0;
		};
/* End PBXFrameworksBuildPhase section */

/* Begin PBXGroup section */
		0408838B2B8E50B700E0E55A = {
			isa = PBXGroup;
			children = (
				040883962B8E50B800E0E55A /* ScavengerHunt */,
				040883952B8E50B800E0E55A /* Products */,
			);
			sourceTree = "<group>";
		};
		040883952B8E50B800E0E55A /* Products */ = {
			isa = PBXGroup;
			children = (
				040883942B8E50B800E0E55A /* ScavengerHunt.app */,
			);
			name = Products;
			sourceTree = "<group>";
		};
		040883962B8E50B800E0E55A /* ScavengerHunt */ = {
			isa = PBXGroup;
			children = (
				040883AE2B8E5FC000E0E55A /* Model */,
				040883AD2B8E5FB500E0E55A /* Task Detail */,
				040883AC2B8E5F8400E0E55A /* Task Compose */,
				040883AB2B8E5F6C00E0E55A /* Task List */,
				040883972B8E50B800E0E55A /* AppDelegate.swift */,
				040883992B8E50B800E0E55A /* SceneDelegate.swift */,
				0408839B2B8E50B800E0E55A /* ViewController.swift */,
				0408839D2B8E50B800E0E55A /* Main.storyboard */,
				040883A02B8E50B800E0E55A /* Assets.xcassets */,
				040883A22B8E50B800E0E55A /* LaunchScreen.storyboard */,
				040883A52B8E50B800E0E55A /* Info.plist */,
			);
			path = ScavengerHunt;
			sourceTree = "<group>";
		};
		040883AB2B8E5F6C00E0E55A /* Task List */ = {
			isa = PBXGroup;
			children = (
				040883AF2B8E620200E0E55A /* TaskListViewController.swift */,
				040883B12B8E628C00E0E55A /* TaskCell.swift */,
			);
			path = "Task List";
			sourceTree = "<group>";
		};
		040883AC2B8E5F8400E0E55A /* Task Compose */ = {
			isa = PBXGroup;
			children = (
			);
			path = "Task Compose";
			sourceTree = "<group>";
		};
		040883AD2B8E5FB500E0E55A /* Task Detail */ = {
			isa = PBXGroup;
			children = (
			);
			path = "Task Detail";
			sourceTree = "<group>";
		};
		040883AE2B8E5FC000E0E55A /* Model */ = {
			isa = PBXGroup;
			children = (
				040883B52B8E7F1400E0E55A /* Task.swift */,
			);
			path = Model;
			sourceTree = "<group>";
		};
/* End PBXGroup section */

/* Begin PBXNativeTarget section */
		040883932B8E50B800E0E55A /* ScavengerHunt */ = {
			isa = PBXNativeTarget;
			buildConfigurationList = 040883A82B8E50B800E0E55A /* Build configuration list for PBXNativeTarget "ScavengerHunt" */;
			buildPhases = (
				040883902B8E50B800E0E55A /* Sources */,
				040883912B8E50B800E0E55A /* Frameworks */,
				040883922B8E50B800E0E55A /* Resources */,
			);
			buildRules = (
			);
			dependencies = (
			);
			name = ScavengerHunt;
			productName = ScavengerHunt;
			productReference = 040883942B8E50B800E0E55A /* ScavengerHunt.app */;
			productType = "com.apple.product-type.application";
		};
/* End PBXNativeTarget section */

/* Begin PBXProject section */
		0408838C2B8E50B700E0E55A /* Project object */ = {
			isa = PBXProject;
			attributes = {
				BuildIndependentTargetsInParallel = 1;
				LastSwiftUpdateCheck = 1430;
				LastUpgradeCheck = 1430;
				TargetAttributes = {
					040883932B8E50B800E0E55A = {
						CreatedOnToolsVersion = 14.3.1;
					};
				};
			};
			buildConfigurationList = 0408838F2B8E50B700E0E55A /* Build configuration list for PBXProject "ScavengerHunt" */;
			compatibilityVersion = "Xcode 14.0";
			developmentRegion = en;
			hasScannedForEncodings = 0;
			knownRegions = (
				en,
				Base,
			);
			mainGroup = 0408838B2B8E50B700E0E55A;
			productRefGroup = 040883952B8E50B800E0E55A /* Products */;
			projectDirPath = "";
			projectRoot = "";
			targets = (
				040883932B8E50B800E0E55A /* ScavengerHunt */,
			);
		};
/* End PBXProject section */

/* Begin PBXResourcesBuildPhase section */
		040883922B8E50B800E0E55A /* Resources */ = {
			isa = PBXResourcesBuildPhase;
			buildActionMask = 2147483647;
			files = (
				040883A42B8E50B800E0E55A /* LaunchScreen.storyboard in Resources */,
				040883A12B8E50B800E0E55A /* Assets.xcassets in Resources */,
				0408839F2B8E50B800E0E55A /* Main.storyboard in Resources */,
			);
			runOnlyForDeploymentPostprocessing = 0;
		};
/* End PBXResourcesBuildPhase section */

/* Begin PBXSourcesBuildPhase section */
		040883902B8E50B800E0E55A /* Sources */ = {
			isa = PBXSourcesBuildPhase;
			buildActionMask = 2147483647;
			files = (
				0408839C2B8E50B800E0E55A /* ViewController.swift in Sources */,
				040883B02B8E620200E0E55A /* TaskListViewController.swift in Sources */,
				040883982B8E50B800E0E55A /* AppDelegate.swift in Sources */,
				0408839A2B8E50B800E0E55A /* SceneDelegate.swift in Sources */,
				040883B62B8E7F1400E0E55A /* Task.swift in Sources */,
				040883B22B8E628C00E0E55A /* TaskCell.swift in Sources */,
			);
			runOnlyForDeploymentPostprocessing = 0;
		};
/* End PBXSourcesBuildPhase section */

/* Begin PBXVariantGroup section */
		0408839D2B8E50B800E0E55A /* Main.storyboard */ = {
			isa = PBXVariantGroup;
			children = (
				0408839E2B8E50B800E0E55A /* Base */,
			);
			name = Main.storyboard;
			sourceTree = "<group>";
		};
		040883A22B8E50B800E0E55A /* LaunchScreen.storyboard */ = {
			isa = PBXVariantGroup;
			children = (
				040883A32B8E50B800E0E55A /* Base */,
			);
			name = LaunchScreen.storyboard;
			sourceTree = "<group>";
		};
/* End PBXVariantGroup section */

/* Begin XCBuildConfiguration section */
		040883A62B8E50B800E0E55A /* Debug */ = {
			isa = XCBuildConfiguration;
			buildSettings = {
				ALWAYS_SEARCH_USER_PATHS = NO;
				CLANG_ANALYZER_NONNULL = YES;
				CLANG_ANALYZER_NUMBER_OBJECT_CONVERSION = YES_AGGRESSIVE;
				CLANG_CXX_LANGUAGE_STANDARD = "gnu++20";
				CLANG_ENABLE_MODULES = YES;
				CLANG_ENABLE_OBJC_ARC = YES;
				CLANG_ENABLE_OBJC_WEAK = YES;
				CLANG_WARN_BLOCK_CAPTURE_AUTORELEASING = YES;
				CLANG_WARN_BOOL_CONVERSION = YES;
				CLANG_WARN_COMMA = YES;
				CLANG_WARN_CONSTANT_CONVERSION = YES;
				CLANG_WARN_DEPRECATED_OBJC_IMPLEMENTATIONS = YES;
				CLANG_WARN_DIRECT_OBJC_ISA_USAGE = YES_ERROR;
				CLANG_WARN_DOCUMENTATION_COMMENTS = YES;
				CLANG_WARN_EMPTY_BODY = YES;
				CLANG_WARN_ENUM_CONVERSION = YES;
				CLANG_WARN_INFINITE_RECURSION = YES;
				CLANG_WARN_INT_CONVERSION = YES;
				CLANG_WARN_NON_LITERAL_NULL_CONVERSION = YES;
				CLANG_WARN_OBJC_IMPLICIT_RETAIN_SELF = YES;
				CLANG_WARN_OBJC_LITERAL_CONVERSION = YES;
				CLANG_WARN_OBJC_ROOT_CLASS = YES_ERROR;
				CLANG_WARN_QUOTED_INCLUDE_IN_FRAMEWORK_HEADER = YES;
				CLANG_WARN_RANGE_LOOP_ANALYSIS = YES;
				CLANG_WARN_STRICT_PROTOTYPES = YES;
				CLANG_WARN_SUSPICIOUS_MOVE = YES;
				CLANG_WARN_UNGUARDED_AVAILABILITY = YES_AGGRESSIVE;
				CLANG_WARN_UNREACHABLE_CODE = YES;
				CLANG_WARN__DUPLICATE_METHOD_MATCH = YES;
				COPY_PHASE_STRIP = NO;
				DEBUG_INFORMATION_FORMAT = dwarf;
				ENABLE_STRICT_OBJC_MSGSEND = YES;
				ENABLE_TESTABILITY = YES;
				GCC_C_LANGUAGE_STANDARD = gnu11;
				GCC_DYNAMIC_NO_PIC = NO;
				GCC_NO_COMMON_BLOCKS = YES;
				GCC_OPTIMIZATION_LEVEL = 0;
				GCC_PREPROCESSOR_DEFINITIONS = (
					"DEBUG=1",
					"$(inherited)",
				);
				GCC_WARN_64_TO_32_BIT_CONVERSION = YES;
				GCC_WARN_ABOUT_RETURN_TYPE = YES_ERROR;
				GCC_WARN_UNDECLARED_SELECTOR = YES;
				GCC_WARN_UNINITIALIZED_AUTOS = YES_AGGRESSIVE;
				GCC_WARN_UNUSED_FUNCTION = YES;
				GCC_WARN_UNUSED_VARIABLE = YES;
				IPHONEOS_DEPLOYMENT_TARGET = 16.4;
				MTL_ENABLE_DEBUG_INFO = INCLUDE_SOURCE;
				MTL_FAST_MATH = YES;
				ONLY_ACTIVE_ARCH = YES;
				SDKROOT = iphoneos;
				SWIFT_ACTIVE_COMPILATION_CONDITIONS = DEBUG;
				SWIFT_OPTIMIZATION_LEVEL = "-Onone";
			};
			name = Debug;
		};
		040883A72B8E50B800E0E55A /* Release */ = {
			isa = XCBuildConfiguration;
			buildSettings = {
				ALWAYS_SEARCH_USER_PATHS = NO;
				CLANG_ANALYZER_NONNULL = YES;
				CLANG_ANALYZER_NUMBER_OBJECT_CONVERSION = YES_AGGRESSIVE;
				CLANG_CXX_LANGUAGE_STANDARD = "gnu++20";
				CLANG_ENABLE_MODULES = YES;
				CLANG_ENABLE_OBJC_ARC = YES;
				CLANG_ENABLE_OBJC_WEAK = YES;
				CLANG_WARN_BLOCK_CAPTURE_AUTORELEASING = YES;
				CLANG_WARN_BOOL_CONVERSION = YES;
				CLANG_WARN_COMMA = YES;
				CLANG_WARN_CONSTANT_CONVERSION = YES;
				CLANG_WARN_DEPRECATED_OBJC_IMPLEMENTATIONS = YES;
				CLANG_WARN_DIRECT_OBJC_ISA_USAGE = YES_ERROR;
				CLANG_WARN_DOCUMENTATION_COMMENTS = YES;
				CLANG_WARN_EMPTY_BODY = YES;
				CLANG_WARN_ENUM_CONVERSION = YES;
				CLANG_WARN_INFINITE_RECURSION = YES;
				CLANG_WARN_INT_CONVERSION = YES;
				CLANG_WARN_NON_LITERAL_NULL_CONVERSION = YES;
				CLANG_WARN_OBJC_IMPLICIT_RETAIN_SELF = YES;
				CLANG_WARN_OBJC_LITERAL_CONVERSION = YES;
				CLANG_WARN_OBJC_ROOT_CLASS = YES_ERROR;
				CLANG_WARN_QUOTED_INCLUDE_IN_FRAMEWORK_HEADER = YES;
				CLANG_WARN_RANGE_LOOP_ANALYSIS = YES;
				CLANG_WARN_STRICT_PROTOTYPES = YES;
				CLANG_WARN_SUSPICIOUS_MOVE = YES;
				CLANG_WARN_UNGUARDED_AVAILABILITY = YES_AGGRESSIVE;
				CLANG_WARN_UNREACHABLE_CODE = YES;
				CLANG_WARN__DUPLICATE_METHOD_MATCH = YES;
				COPY_PHASE_STRIP = NO;
				DEBUG_INFORMATION_FORMAT = "dwarf-with-dsym";
				ENABLE_NS_ASSERTIONS = NO;
				ENABLE_STRICT_OBJC_MSGSEND = YES;
				GCC_C_LANGUAGE_STANDARD = gnu11;
				GCC_NO_COMMON_BLOCKS = YES;
				GCC_WARN_64_TO_32_BIT_CONVERSION = YES;
				GCC_WARN_ABOUT_RETURN_TYPE = YES_ERROR;
				GCC_WARN_UNDECLARED_SELECTOR = YES;
				GCC_WARN_UNINITIALIZED_AUTOS = YES_AGGRESSIVE;
				GCC_WARN_UNUSED_FUNCTION = YES;
				GCC_WARN_UNUSED_VARIABLE = YES;
				IPHONEOS_DEPLOYMENT_TARGET = 16.4;
				MTL_ENABLE_DEBUG_INFO = NO;
				MTL_FAST_MATH = YES;
				SDKROOT = iphoneos;
				SWIFT_COMPILATION_MODE = wholemodule;
				SWIFT_OPTIMIZATION_LEVEL = "-O";
				VALIDATE_PRODUCT = YES;
			};
			name = Release;
		};
		040883A92B8E50B800E0E55A /* Debug */ = {
			isa = XCBuildConfiguration;
			buildSettings = {
				ASSETCATALOG_COMPILER_APPICON_NAME = AppIcon;
				ASSETCATALOG_COMPILER_GLOBAL_ACCENT_COLOR_NAME = AccentColor;
				CODE_SIGN_STYLE = Automatic;
				CURRENT_PROJECT_VERSION = 1;
				DEVELOPMENT_TEAM = Z5ZYA2L3BV;
				GENERATE_INFOPLIST_FILE = YES;
				INFOPLIST_FILE = ScavengerHunt/Info.plist;
				INFOPLIST_KEY_UIApplicationSupportsIndirectInputEvents = YES;
				INFOPLIST_KEY_UILaunchStoryboardName = LaunchScreen;
				INFOPLIST_KEY_UIMainStoryboardFile = Main;
				INFOPLIST_KEY_UISupportedInterfaceOrientations_iPad = "UIInterfaceOrientationPortrait UIInterfaceOrientationPortraitUpsideDown UIInterfaceOrientationLandscapeLeft UIInterfaceOrientationLandscapeRight";
				INFOPLIST_KEY_UISupportedInterfaceOrientations_iPhone = "UIInterfaceOrientationPortrait UIInterfaceOrientationLandscapeLeft UIInterfaceOrientationLandscapeRight";
				LD_RUNPATH_SEARCH_PATHS = (
					"$(inherited)",
					"@executable_path/Frameworks",
				);
				MARKETING_VERSION = 1.0;
				PRODUCT_BUNDLE_IDENTIFIER = Desktop.ScavengerHunt;
				PRODUCT_NAME = "$(TARGET_NAME)";
				SWIFT_EMIT_LOC_STRINGS = YES;
				SWIFT_VERSION = 5.0;
				TARGETED_DEVICE_FAMILY = "1,2";
			};
			name = Debug;
		};
		040883AA2B8E50B800E0E55A /* Release */ = {
			isa = XCBuildConfiguration;
			buildSettings = {
				ASSETCATALOG_COMPILER_APPICON_NAME = AppIcon;
				ASSETCATALOG_COMPILER_GLOBAL_ACCENT_COLOR_NAME = AccentColor;
				CODE_SIGN_STYLE = Automatic;
				CURRENT_PROJECT_VERSION = 1;
				DEVELOPMENT_TEAM = Z5ZYA2L3BV;
				GENERATE_INFOPLIST_FILE = YES;
				INFOPLIST_FILE = ScavengerHunt/Info.plist;
				INFOPLIST_KEY_UIApplicationSupportsIndirectInputEvents = YES;
				INFOPLIST_KEY_UILaunchStoryboardName = LaunchScreen;
				INFOPLIST_KEY_UIMainStoryboardFile = Main;
				INFOPLIST_KEY_UISupportedInterfaceOrientations_iPad = "UIInterfaceOrientationPortrait UIInterfaceOrientationPortraitUpsideDown UIInterfaceOrientationLandscapeLeft UIInterfaceOrientationLandscapeRight";
				INFOPLIST_KEY_UISupportedInterfaceOrientations_iPhone = "UIInterfaceOrientationPortrait UIInterfaceOrientationLandscapeLeft UIInterfaceOrientationLandscapeRight";
				LD_RUNPATH_SEARCH_PATHS = (
					"$(inherited)",
					"@executable_path/Frameworks",
				);
				MARKETING_VERSION = 1.0;
				PRODUCT_BUNDLE_IDENTIFIER = Desktop.ScavengerHunt;
				PRODUCT_NAME = "$(TARGET_NAME)";
				SWIFT_EMIT_LOC_STRINGS = YES;
				SWIFT_VERSION = 5.0;
				TARGETED_DEVICE_FAMILY = "1,2";
			};
			name = Release;
		};
/* End XCBuildConfiguration section */

/* Begin XCConfigurationList section */
		0408838F2B8E50B700E0E55A /* Build configuration list for PBXProject "ScavengerHunt" */ = {
			isa = XCConfigurationList;
			buildConfigurations = (
				040883A62B8E50B800E0E55A /* Debug */,
				040883A72B8E50B800E0E55A /* Release */,
			);
			defaultConfigurationIsVisible = 0;
			defaultConfigurationName = Release;
		};
		040883A82B8E50B800E0E55A /* Build configuration list for PBXNativeTarget "ScavengerHunt" */ = {
			isa = XCConfigurationList;
			buildConfigurations = (
				040883A92B8E50B800E0E55A /* Debug */,
				040883AA2B8E50B800E0E55A /* Release */,
			);
			defaultConfigurationIsVisible = 0;
			defaultConfigurationName = Release;
		};
/* End XCConfigurationList section */
	};
	rootObject = 0408838C2B8E50B700E0E55A /* Project object */;
}
